{
  "name": "shipguard-codex-skill",
  "version": "0.1.0",
  "lockfileVersion": 3,
  "requires": true,
  "packages": {
    "": {
      "name": "shipguard-codex-skill",
      "version": "0.1.0",
      "license": "MIT",
      "bin": {
        "shipguard": "bin/shipguard.js",
        "shipguard-codex-skill": "bin/shipguard.js"
      },
      "engines": {
        "node": ">=18"
      }
    }
  }
}
